// !$*UTF8*$!
{
	archiveVersion = 1;
	classes = {
	};
	objectVersion = 56;
	objects = {

/* Begin PBXBuildFile section */
		DD1B742F2C3A5C7E00898420 /* ActionSheetLearning.swift in Sources */ = {isa = PBXBuildFile; fileRef = DD1B742E2C3A5C7E00898420 /* ActionSheetLearning.swift */; };
		DD1B74312C3AF1AE00898420 /* ContextMenuLearn.swift in Sources */ = {isa = PBXBuildFile; fileRef = DD1B74302C3AF1AD00898420 /* ContextMenuLearn.swift */; };
		DD1B74332C3AF5F400898420 /* TextFieldLearning.swift in Sources */ = {isa = PBXBuildFile; fileRef = DD1B74322C3AF5F400898420 /* TextFieldLearning.swift */; };
		DD4D91A62C226DCE001CDC6A /* StackLearning .swift in Sources */ = {isa = PBXBuildFile; fileRef = DD4D91A52C226DCE001CDC6A /* StackLearning .swift */; };
		DD4D91A82C227417001CDC6A /* PaddingLearn.swift in Sources */ = {isa = PBXBuildFile; fileRef = DD4D91A72C227417001CDC6A /* PaddingLearn.swift */; };
		DD4D91AA2C227FEE001CDC6A /* BaseMaking .swift in Sources */ = {isa = PBXBuildFile; fileRef = DD4D91A92C227FEE001CDC6A /* BaseMaking .swift */; };
		DD4D91AC2C2296D3001CDC6A /* Initlearn.swift in Sources */ = {isa = PBXBuildFile; fileRef = DD4D91AB2C2296D3001CDC6A /* Initlearn.swift */; };
		DD4E36F72C1F415100DAB56B /* LearningUIApp.swift in Sources */ = {isa = PBXBuildFile; fileRef = DD4E36F62C1F415100DAB56B /* LearningUIApp.swift */; };
		DD4E36F92C1F415100DAB56B /* ContentView.swift in Sources */ = {isa = PBXBuildFile; fileRef = DD4E36F82C1F415100DAB56B /* ContentView.swift */; };
		DD4E36FB2C1F415100DAB56B /* Item.swift in Sources */ = {isa = PBXBuildFile; fileRef = DD4E36FA2C1F415100DAB56B /* Item.swift */; };
		DD4E36FD2C1F415200DAB56B /* Assets.xcassets in Resources */ = {isa = PBXBuildFile; fileRef = DD4E36FC2C1F415200DAB56B /* Assets.xcassets */; };
		DD4E37002C1F415200DAB56B /* Preview Assets.xcassets in Resources */ = {isa = PBXBuildFile; fileRef = DD4E36FF2C1F415200DAB56B /* Preview Assets.xcassets */; };
		DD4E37072C1F44F400DAB56B /* Text.swift in Sources */ = {isa = PBXBuildFile; fileRef = DD4E37062C1F44F400DAB56B /* Text.swift */; };
		DD5240DF2C268B0000C53749 /* GridLearning.swift in Sources */ = {isa = PBXBuildFile; fileRef = DD5240DE2C268B0000C53749 /* GridLearning.swift */; };
		DD6380152C3FC6C4007ADCD2 /* OnAppearLearning.swift in Sources */ = {isa = PBXBuildFile; fileRef = DD6380142C3FC6C4007ADCD2 /* OnAppearLearning.swift */; };
		DD6380172C3FCA06007ADCD2 /* SafeCodingLearning.swift in Sources */ = {isa = PBXBuildFile; fileRef = DD6380162C3FCA06007ADCD2 /* SafeCodingLearning.swift */; };
		DD6380192C3FCF2C007ADCD2 /* TapGestureLearning.swift in Sources */ = {isa = PBXBuildFile; fileRef = DD6380182C3FCF2C007ADCD2 /* TapGestureLearning.swift */; };
		DD63801B2C4004EB007ADCD2 /* CustomModelLearning.swift in Sources */ = {isa = PBXBuildFile; fileRef = DD63801A2C4004EB007ADCD2 /* CustomModelLearning.swift */; };
		DD63801D2C401DE4007ADCD2 /* ViewModelLearning.swift in Sources */ = {isa = PBXBuildFile; fileRef = DD63801C2C401DE4007ADCD2 /* ViewModelLearning.swift */; };
		DD6F462D2C24564F000734F2 /* DoubleScrollFile.swift in Sources */ = {isa = PBXBuildFile; fileRef = DD6F462C2C24564F000734F2 /* DoubleScrollFile.swift */; };
		DD774C1F2C2D0F4800E481B5 /* YtGhanti.swift in Sources */ = {isa = PBXBuildFile; fileRef = DD774C1E2C2D0F4800E481B5 /* YtGhanti.swift */; };
		DDA1A7632C1FFEB700C83244 /* Shapes.swift in Sources */ = {isa = PBXBuildFile; fileRef = DDA1A7622C1FFEB700C83244 /* Shapes.swift */; };
		DDA1A7652C20028800C83244 /* Color.swift in Sources */ = {isa = PBXBuildFile; fileRef = DDA1A7642C20028800C83244 /* Color.swift */; };
		DDA1A7672C200B8900C83244 /* GradientLearning.swift in Sources */ = {isa = PBXBuildFile; fileRef = DDA1A7662C200B8900C83244 /* GradientLearning.swift */; };
		DDA1A7692C200EA500C83244 /* RainbowTry.swift in Sources */ = {isa = PBXBuildFile; fileRef = DDA1A7682C200EA500C83244 /* RainbowTry.swift */; };
		DDA1A76B2C20177F00C83244 /* SystemIconsUse.swift in Sources */ = {isa = PBXBuildFile; fileRef = DDA1A76A2C20177F00C83244 /* SystemIconsUse.swift */; };
		DDA1A76D2C20224600C83244 /* ImagesSwift.swift in Sources */ = {isa = PBXBuildFile; fileRef = DDA1A76C2C20224600C83244 /* ImagesSwift.swift */; };
		DDA25E602C29163300C33490 /* IfElseLearn.swift in Sources */ = {isa = PBXBuildFile; fileRef = DDA25E5F2C29163300C33490 /* IfElseLearn.swift */; };
		DDA3773F2C211DFD0073FB57 /* Classwork.swift in Sources */ = {isa = PBXBuildFile; fileRef = DDA3773E2C211DFD0073FB57 /* Classwork.swift */; };
		DDA377432C212D350073FB57 /* NotificationUI.swift in Sources */ = {isa = PBXBuildFile; fileRef = DDA377422C212D350073FB57 /* NotificationUI.swift */; };
		DDB316C52C3C40B700AC6E56 /* TextEditorLearn.swift in Sources */ = {isa = PBXBuildFile; fileRef = DDB316C42C3C40B700AC6E56 /* TextEditorLearn.swift */; };
		DDB316C72C3C424000AC6E56 /* ToggleLearning.swift in Sources */ = {isa = PBXBuildFile; fileRef = DDB316C62C3C424000AC6E56 /* ToggleLearning.swift */; };
		DDB316C92C3C44AB00AC6E56 /* PickerLearning.swift in Sources */ = {isa = PBXBuildFile; fileRef = DDB316C82C3C44AB00AC6E56 /* PickerLearning.swift */; };
		DDB36ACD2C23C8D700202031 /* ForeachLearn.swift in Sources */ = {isa = PBXBuildFile; fileRef = DDB36ACC2C23C8D700202031 /* ForeachLearn.swift */; };
		DDB36ACF2C23CE5200202031 /* ScrollViewLearn.swift in Sources */ = {isa = PBXBuildFile; fileRef = DDB36ACE2C23CE5200202031 /* ScrollViewLearn.swift */; };
		DDBD6C932C203D3300BEADE8 /* FrameLearn.swift in Sources */ = {isa = PBXBuildFile; fileRef = DDBD6C922C203D3300BEADE8 /* FrameLearn.swift */; };
		DDBD6C952C20448300BEADE8 /* StackLean.swift in Sources */ = {isa = PBXBuildFile; fileRef = DDBD6C942C20448300BEADE8 /* StackLean.swift */; };
		DDC6D23C2C2FB840009AE008 /* NavigationViewLearn.swift in Sources */ = {isa = PBXBuildFile; fileRef = DDC6D23B2C2FB840009AE008 /* NavigationViewLearn.swift */; };
		DDCEDC742C27F7A300F6FC14 /* SafeAreaLearn.swift in Sources */ = {isa = PBXBuildFile; fileRef = DDCEDC732C27F7A300F6FC14 /* SafeAreaLearn.swift */; };
		DDCEDC762C27FDF500F6FC14 /* ButtonsLearn.swift in Sources */ = {isa = PBXBuildFile; fileRef = DDCEDC752C27FDF500F6FC14 /* ButtonsLearn.swift */; };
		DDCEDC782C28135300F6FC14 /* ExtractedFuncLearn.swift in Sources */ = {isa = PBXBuildFile; fileRef = DDCEDC772C28135300F6FC14 /* ExtractedFuncLearn.swift */; };
		DDCEDC7A2C284DF300F6FC14 /* SubViewLearn.swift in Sources */ = {isa = PBXBuildFile; fileRef = DDCEDC792C284DF300F6FC14 /* SubViewLearn.swift */; };
		DDCEDC7C2C2868FD00F6FC14 /* BindingLearn .swift in Sources */ = {isa = PBXBuildFile; fileRef = DDCEDC7B2C2868FD00F6FC14 /* BindingLearn .swift */; };
		DDD46CDA2C2AF1730011B2C3 /* AnimationLearn.swift in Sources */ = {isa = PBXBuildFile; fileRef = DDD46CD92C2AF1730011B2C3 /* AnimationLearn.swift */; };
		DDDAE8DA2C3955580073012C /* ListLearning.swift in Sources */ = {isa = PBXBuildFile; fileRef = DDDAE8D92C3955580073012C /* ListLearning.swift */; };
		DDDAE8DC2C3963560073012C /* ManchesterCity.swift in Sources */ = {isa = PBXBuildFile; fileRef = DDDAE8DB2C3963560073012C /* ManchesterCity.swift */; };
		DDDAE8DE2C396C860073012C /* AlertLearning.swift in Sources */ = {isa = PBXBuildFile; fileRef = DDDAE8DD2C396C860073012C /* AlertLearning.swift */; };
		DDDD97D72C3CF7A900E02226 /* ColorPickerLearning.swift in Sources */ = {isa = PBXBuildFile; fileRef = DDDD97D62C3CF7A900E02226 /* ColorPickerLearning.swift */; };
		DDDD97D92C3CF9C400E02226 /* DatePickerLearning .swift in Sources */ = {isa = PBXBuildFile; fileRef = DDDD97D82C3CF9C400E02226 /* DatePickerLearning .swift */; };
		DDDD97DB2C3CFEE600E02226 /* StepperLearning.swift in Sources */ = {isa = PBXBuildFile; fileRef = DDDD97DA2C3CFEE600E02226 /* StepperLearning.swift */; };
		DDDD97DD2C3D02DA00E02226 /* SliderLearinig.swift in Sources */ = {isa = PBXBuildFile; fileRef = DDDD97DC2C3D02DA00E02226 /* SliderLearinig.swift */; };
		DDDD97DF2C3D080700E02226 /* TabViewLearn.swift in Sources */ = {isa = PBXBuildFile; fileRef = DDDD97DE2C3D080700E02226 /* TabViewLearn.swift */; };
		DDDD97E12C3D57CA00E02226 /* PageTabViewLearning.swift in Sources */ = {isa = PBXBuildFile; fileRef = DDDD97E02C3D57CA00E02226 /* PageTabViewLearning.swift */; };
		DDEF93942C2C691C00A68683 /* SheetsLearn.swift in Sources */ = {isa = PBXBuildFile; fileRef = DDEF93932C2C691C00A68683 /* SheetsLearn.swift */; };
		DDEF93962C2C6DE200A68683 /* PopOverLearn.swift in Sources */ = {isa = PBXBuildFile; fileRef = DDEF93952C2C6DE200A68683 /* PopOverLearn.swift */; };
/* End PBXBuildFile section */

/* Begin PBXFileReference section */
		DD1B742E2C3A5C7E00898420 /* ActionSheetLearning.swift */ = {isa = PBXFileReference; lastKnownFileType = sourcecode.swift; path = ActionSheetLearning.swift; sourceTree = "<group>"; };
		DD1B74302C3AF1AD00898420 /* ContextMenuLearn.swift */ = {isa = PBXFileReference; lastKnownFileType = sourcecode.swift; path = ContextMenuLearn.swift; sourceTree = "<group>"; };
		DD1B74322C3AF5F400898420 /* TextFieldLearning.swift */ = {isa = PBXFileReference; lastKnownFileType = sourcecode.swift; path = TextFieldLearning.swift; sourceTree = "<group>"; };
		DD4D91A52C226DCE001CDC6A /* StackLearning .swift */ = {isa = PBXFileReference; lastKnownFileType = sourcecode.swift; path = "StackLearning .swift"; sourceTree = "<group>"; };
		DD4D91A72C227417001CDC6A /* PaddingLearn.swift */ = {isa = PBXFileReference; lastKnownFileType = sourcecode.swift; path = PaddingLearn.swift; sourceTree = "<group>"; };
		DD4D91A92C227FEE001CDC6A /* BaseMaking .swift */ = {isa = PBXFileReference; lastKnownFileType = sourcecode.swift; path = "BaseMaking .swift"; sourceTree = "<group>"; };
		DD4D91AB2C2296D3001CDC6A /* Initlearn.swift */ = {isa = PBXFileReference; lastKnownFileType = sourcecode.swift; path = Initlearn.swift; sourceTree = "<group>"; };
		DD4E36F32C1F415100DAB56B /* LearningUI.app */ = {isa = PBXFileReference; explicitFileType = wrapper.application; includeInIndex = 0; path = LearningUI.app; sourceTree = BUILT_PRODUCTS_DIR; };
		DD4E36F62C1F415100DAB56B /* LearningUIApp.swift */ = {isa = PBXFileReference; lastKnownFileType = sourcecode.swift; path = LearningUIApp.swift; sourceTree = "<group>"; };
		DD4E36F82C1F415100DAB56B /* ContentView.swift */ = {isa = PBXFileReference; lastKnownFileType = sourcecode.swift; path = ContentView.swift; sourceTree = "<group>"; };
		DD4E36FA2C1F415100DAB56B /* Item.swift */ = {isa = PBXFileReference; lastKnownFileType = sourcecode.swift; path = Item.swift; sourceTree = "<group>"; };
		DD4E36FC2C1F415200DAB56B /* Assets.xcassets */ = {isa = PBXFileReference; lastKnownFileType = folder.assetcatalog; path = Assets.xcassets; sourceTree = "<group>"; };
		DD4E36FF2C1F415200DAB56B /* Preview Assets.xcassets */ = {isa = PBXFileReference; lastKnownFileType = folder.assetcatalog; path = "Preview Assets.xcassets"; sourceTree = "<group>"; };
		DD4E37062C1F44F400DAB56B /* Text.swift */ = {isa = PBXFileReference; lastKnownFileType = sourcecode.swift; path = Text.swift; sourceTree = "<group>"; };
		DD5240DE2C268B0000C53749 /* GridLearning.swift */ = {isa = PBXFileReference; lastKnownFileType = sourcecode.swift; path = GridLearning.swift; sourceTree = "<group>"; };
		DD6380142C3FC6C4007ADCD2 /* OnAppearLearning.swift */ = {isa = PBXFileReference; lastKnownFileType = sourcecode.swift; path = OnAppearLearning.swift; sourceTree = "<group>"; };
		DD6380162C3FCA06007ADCD2 /* SafeCodingLearning.swift */ = {isa = PBXFileReference; lastKnownFileType = sourcecode.swift; path = SafeCodingLearning.swift; sourceTree = "<group>"; };
		DD6380182C3FCF2C007ADCD2 /* TapGestureLearning.swift */ = {isa = PBXFileReference; lastKnownFileType = sourcecode.swift; path = TapGestureLearning.swift; sourceTree = "<group>"; };
		DD63801A2C4004EB007ADCD2 /* CustomModelLearning.swift */ = {isa = PBXFileReference; lastKnownFileType = sourcecode.swift; path = CustomModelLearning.swift; sourceTree = "<group>"; };
		DD63801C2C401DE4007ADCD2 /* ViewModelLearning.swift */ = {isa = PBXFileReference; lastKnownFileType = sourcecode.swift; path = ViewModelLearning.swift; sourceTree = "<group>"; };
		DD6F462C2C24564F000734F2 /* DoubleScrollFile.swift */ = {isa = PBXFileReference; lastKnownFileType = sourcecode.swift; path = DoubleScrollFile.swift; sourceTree = "<group>"; };
		DD774C1E2C2D0F4800E481B5 /* YtGhanti.swift */ = {isa = PBXFileReference; lastKnownFileType = sourcecode.swift; path = YtGhanti.swift; sourceTree = "<group>"; };
		DDA1A7622C1FFEB700C83244 /* Shapes.swift */ = {isa = PBXFileReference; lastKnownFileType = sourcecode.swift; path = Shapes.swift; sourceTree = "<group>"; };
		DDA1A7642C20028800C83244 /* Color.swift */ = {isa = PBXFileReference; lastKnownFileType = sourcecode.swift; path = Color.swift; sourceTree = "<group>"; };
		DDA1A7662C200B8900C83244 /* GradientLearning.swift */ = {isa = PBXFileReference; lastKnownFileType = sourcecode.swift; path = GradientLearning.swift; sourceTree = "<group>"; };
		DDA1A7682C200EA500C83244 /* RainbowTry.swift */ = {isa = PBXFileReference; lastKnownFileType = sourcecode.swift; path = RainbowTry.swift; sourceTree = "<group>"; };
		DDA1A76A2C20177F00C83244 /* SystemIconsUse.swift */ = {isa = PBXFileReference; lastKnownFileType = sourcecode.swift; path = SystemIconsUse.swift; sourceTree = "<group>"; };
		DDA1A76C2C20224600C83244 /* ImagesSwift.swift */ = {isa = PBXFileReference; lastKnownFileType = sourcecode.swift; path = ImagesSwift.swift; sourceTree = "<group>"; };
		DDA25E5F2C29163300C33490 /* IfElseLearn.swift */ = {isa = PBXFileReference; lastKnownFileType = sourcecode.swift; path = IfElseLearn.swift; sourceTree = "<group>"; };
		DDA3773E2C211DFD0073FB57 /* Classwork.swift */ = {isa = PBXFileReference; lastKnownFileType = sourcecode.swift; path = Classwork.swift; sourceTree = "<group>"; };
		DDA377422C212D350073FB57 /* NotificationUI.swift */ = {isa = PBXFileReference; lastKnownFileType = sourcecode.swift; path = NotificationUI.swift; sourceTree = "<group>"; };
		DDB316C42C3C40B700AC6E56 /* TextEditorLearn.swift */ = {isa = PBXFileReference; lastKnownFileType = sourcecode.swift; path = TextEditorLearn.swift; sourceTree = "<group>"; };
		DDB316C62C3C424000AC6E56 /* ToggleLearning.swift */ = {isa = PBXFileReference; lastKnownFileType = sourcecode.swift; path = ToggleLearning.swift; sourceTree = "<group>"; };
		DDB316C82C3C44AB00AC6E56 /* PickerLearning.swift */ = {isa = PBXFileReference; lastKnownFileType = sourcecode.swift; path = PickerLearning.swift; sourceTree = "<group>"; };
		DDB36ACC2C23C8D700202031 /* ForeachLearn.swift */ = {isa = PBXFileReference; lastKnownFileType = sourcecode.swift; path = ForeachLearn.swift; sourceTree = "<group>"; };
		DDB36ACE2C23CE5200202031 /* ScrollViewLearn.swift */ = {isa = PBXFileReference; lastKnownFileType = sourcecode.swift; path = ScrollViewLearn.swift; sourceTree = "<group>"; };
		DDBD6C922C203D3300BEADE8 /* FrameLearn.swift */ = {isa = PBXFileReference; lastKnownFileType = sourcecode.swift; path = FrameLearn.swift; sourceTree = "<group>"; };
		DDBD6C942C20448300BEADE8 /* StackLean.swift */ = {isa = PBXFileReference; lastKnownFileType = sourcecode.swift; path = StackLean.swift; sourceTree = "<group>"; };
		DDC6D23B2C2FB840009AE008 /* NavigationViewLearn.swift */ = {isa = PBXFileReference; lastKnownFileType = sourcecode.swift; path = NavigationViewLearn.swift; sourceTree = "<group>"; };
		DDCEDC732C27F7A300F6FC14 /* SafeAreaLearn.swift */ = {isa = PBXFileReference; lastKnownFileType = sourcecode.swift; path = SafeAreaLearn.swift; sourceTree = "<group>"; };
		DDCEDC752C27FDF500F6FC14 /* ButtonsLearn.swift */ = {isa = PBXFileReference; lastKnownFileType = sourcecode.swift; path = ButtonsLearn.swift; sourceTree = "<group>"; };
		DDCEDC772C28135300F6FC14 /* ExtractedFuncLearn.swift */ = {isa = PBXFileReference; lastKnownFileType = sourcecode.swift; path = ExtractedFuncLearn.swift; sourceTree = "<group>"; };
		DDCEDC792C284DF300F6FC14 /* SubViewLearn.swift */ = {isa = PBXFileReference; lastKnownFileType = sourcecode.swift; path = SubViewLearn.swift; sourceTree = "<group>"; };
		DDCEDC7B2C2868FD00F6FC14 /* BindingLearn .swift */ = {isa = PBXFileReference; lastKnownFileType = sourcecode.swift; path = "BindingLearn .swift"; sourceTree = "<group>"; };
		DDD46CD92C2AF1730011B2C3 /* AnimationLearn.swift */ = {isa = PBXFileReference; lastKnownFileType = sourcecode.swift; path = AnimationLearn.swift; sourceTree = "<group>"; };
		DDDAE8D92C3955580073012C /* ListLearning.swift */ = {isa = PBXFileReference; lastKnownFileType = sourcecode.swift; path = ListLearning.swift; sourceTree = "<group>"; };
		DDDAE8DB2C3963560073012C /* ManchesterCity.swift */ = {isa = PBXFileReference; lastKnownFileType = sourcecode.swift; path = ManchesterCity.swift; sourceTree = "<group>"; };
		DDDAE8DD2C396C860073012C /* AlertLearning.swift */ = {isa = PBXFileReference; lastKnownFileType = sourcecode.swift; path = AlertLearning.swift; sourceTree = "<group>"; };
		DDDD97D62C3CF7A900E02226 /* ColorPickerLearning.swift */ = {isa = PBXFileReference; lastKnownFileType = sourcecode.swift; path = ColorPickerLearning.swift; sourceTree = "<group>"; };
		DDDD97D82C3CF9C400E02226 /* DatePickerLearning .swift */ = {isa = PBXFileReference; lastKnownFileType = sourcecode.swift; path = "DatePickerLearning .swift"; sourceTree = "<group>"; };
		DDDD97DA2C3CFEE600E02226 /* StepperLearning.swift */ = {isa = PBXFileReference; lastKnownFileType = sourcecode.swift; path = StepperLearning.swift; sourceTree = "<group>"; };
		DDDD97DC2C3D02DA00E02226 /* SliderLearinig.swift */ = {isa = PBXFileReference; lastKnownFileType = sourcecode.swift; path = SliderLearinig.swift; sourceTree = "<group>"; };
		DDDD97DE2C3D080700E02226 /* TabViewLearn.swift */ = {isa = PBXFileReference; lastKnownFileType = sourcecode.swift; path = TabViewLearn.swift; sourceTree = "<group>"; };
		DDDD97E02C3D57CA00E02226 /* PageTabViewLearning.swift */ = {isa = PBXFileReference; lastKnownFileType = sourcecode.swift; path = PageTabViewLearning.swift; sourceTree = "<group>"; };
		DDEF93932C2C691C00A68683 /* SheetsLearn.swift */ = {isa = PBXFileReference; lastKnownFileType = sourcecode.swift; path = SheetsLearn.swift; sourceTree = "<group>"; };
		DDEF93952C2C6DE200A68683 /* PopOverLearn.swift */ = {isa = PBXFileReference; lastKnownFileType = sourcecode.swift; path = PopOverLearn.swift; sourceTree = "<group>"; };
/* End PBXFileReference section */

/* Begin PBXFrameworksBuildPhase section */
		DD4E36F02C1F415100DAB56B /* Frameworks */ = {
			isa = PBXFrameworksBuildPhase;
			buildActionMask = 2147483647;
			files = (
			);
			runOnlyForDeploymentPostprocessing = 0;
		};
/* End PBXFrameworksBuildPhase section */

/* Begin PBXGroup section */
		DD4E36EA2C1F415100DAB56B = {
			isa = PBXGroup;
			children = (
				DD4E36F52C1F415100DAB56B /* LearningUI */,
				DD4E36F42C1F415100DAB56B /* Products */,
			);
			sourceTree = "<group>";
		};
		DD4E36F42C1F415100DAB56B /* Products */ = {
			isa = PBXGroup;
			children = (
				DD4E36F32C1F415100DAB56B /* LearningUI.app */,
			);
			name = Products;
			sourceTree = "<group>";
		};
		DD4E36F52C1F415100DAB56B /* LearningUI */ = {
			isa = PBXGroup;
			children = (
				DD4E36F62C1F415100DAB56B /* LearningUIApp.swift */,
				DD4E36F82C1F415100DAB56B /* ContentView.swift */,
				DD4E37062C1F44F400DAB56B /* Text.swift */,
				DDA1A7622C1FFEB700C83244 /* Shapes.swift */,
				DDA1A7642C20028800C83244 /* Color.swift */,
				DD4E36FA2C1F415100DAB56B /* Item.swift */,
				DDA1A7682C200EA500C83244 /* RainbowTry.swift */,
				DDA1A7662C200B8900C83244 /* GradientLearning.swift */,
				DDA1A76A2C20177F00C83244 /* SystemIconsUse.swift */,
				DDA1A76C2C20224600C83244 /* ImagesSwift.swift */,
				DDBD6C922C203D3300BEADE8 /* FrameLearn.swift */,
				DDBD6C942C20448300BEADE8 /* StackLean.swift */,
				DDA3773E2C211DFD0073FB57 /* Classwork.swift */,
				DDA377422C212D350073FB57 /* NotificationUI.swift */,
				DD4D91A52C226DCE001CDC6A /* StackLearning .swift */,
				DD4D91A72C227417001CDC6A /* PaddingLearn.swift */,
				DD4D91A92C227FEE001CDC6A /* BaseMaking .swift */,
				DD4D91AB2C2296D3001CDC6A /* Initlearn.swift */,
				DDB36ACC2C23C8D700202031 /* ForeachLearn.swift */,
				DDB36ACE2C23CE5200202031 /* ScrollViewLearn.swift */,
				DD6F462C2C24564F000734F2 /* DoubleScrollFile.swift */,
				DD5240DE2C268B0000C53749 /* GridLearning.swift */,
				DDCEDC732C27F7A300F6FC14 /* SafeAreaLearn.swift */,
				DDCEDC752C27FDF500F6FC14 /* ButtonsLearn.swift */,
				DDCEDC772C28135300F6FC14 /* ExtractedFuncLearn.swift */,
				DDCEDC792C284DF300F6FC14 /* SubViewLearn.swift */,
				DDCEDC7B2C2868FD00F6FC14 /* BindingLearn .swift */,
				DDA25E5F2C29163300C33490 /* IfElseLearn.swift */,
				DDD46CD92C2AF1730011B2C3 /* AnimationLearn.swift */,
				DDEF93932C2C691C00A68683 /* SheetsLearn.swift */,
				DDEF93952C2C6DE200A68683 /* PopOverLearn.swift */,
				DD774C1E2C2D0F4800E481B5 /* YtGhanti.swift */,
				DDC6D23B2C2FB840009AE008 /* NavigationViewLearn.swift */,
				DDDAE8D92C3955580073012C /* ListLearning.swift */,
				DDDAE8DB2C3963560073012C /* ManchesterCity.swift */,
				DDDAE8DD2C396C860073012C /* AlertLearning.swift */,
				DD1B742E2C3A5C7E00898420 /* ActionSheetLearning.swift */,
				DD1B74302C3AF1AD00898420 /* ContextMenuLearn.swift */,
				DD1B74322C3AF5F400898420 /* TextFieldLearning.swift */,
				DDB316C42C3C40B700AC6E56 /* TextEditorLearn.swift */,
				DDB316C62C3C424000AC6E56 /* ToggleLearning.swift */,
				DDB316C82C3C44AB00AC6E56 /* PickerLearning.swift */,
				DDDD97D62C3CF7A900E02226 /* ColorPickerLearning.swift */,
				DDDD97D82C3CF9C400E02226 /* DatePickerLearning .swift */,
				DDDD97DA2C3CFEE600E02226 /* StepperLearning.swift */,
				DDDD97DC2C3D02DA00E02226 /* SliderLearinig.swift */,
				DDDD97DE2C3D080700E02226 /* TabViewLearn.swift */,
				DDDD97E02C3D57CA00E02226 /* PageTabViewLearning.swift */,
				DD6380142C3FC6C4007ADCD2 /* OnAppearLearning.swift */,
				DD6380162C3FCA06007ADCD2 /* SafeCodingLearning.swift */,
				DD6380182C3FCF2C007ADCD2 /* TapGestureLearning.swift */,
				DD63801A2C4004EB007ADCD2 /* CustomModelLearning.swift */,
				DD63801C2C401DE4007ADCD2 /* ViewModelLearning.swift */,
				DD4E36FC2C1F415200DAB56B /* Assets.xcassets */,
				DD4E36FE2C1F415200DAB56B /* Preview Content */,
			);
			path = LearningUI;
			sourceTree = "<group>";
		};
		DD4E36FE2C1F415200DAB56B /* Preview Content */ = {
			isa = PBXGroup;
			children = (
				DD4E36FF2C1F415200DAB56B /* Preview Assets.xcassets */,
			);
			path = "Preview Content";
			sourceTree = "<group>";
		};
/* End PBXGroup section */

/* Begin PBXNativeTarget section */
		DD4E36F22C1F415100DAB56B /* LearningUI */ = {
			isa = PBXNativeTarget;
			buildConfigurationList = DD4E37032C1F415200DAB56B /* Build configuration list for PBXNativeTarget "LearningUI" */;
			buildPhases = (
				DD4E36EF2C1F415100DAB56B /* Sources */,
				DD4E36F02C1F415100DAB56B /* Frameworks */,
				DD4E36F12C1F415100DAB56B /* Resources */,
			);
			buildRules = (
			);
			dependencies = (
			);
			name = LearningUI;
			productName = LearningUI;
			productReference = DD4E36F32C1F415100DAB56B /* LearningUI.app */;
			productType = "com.apple.product-type.application";
		};
/* End PBXNativeTarget section */

/* Begin PBXProject section */
		DD4E36EB2C1F415100DAB56B /* Project object */ = {
			isa = PBXProject;
			attributes = {
				BuildIndependentTargetsInParallel = 1;
				LastSwiftUpdateCheck = 1540;
				LastUpgradeCheck = 1540;
				TargetAttributes = {
					DD4E36F22C1F415100DAB56B = {
						CreatedOnToolsVersion = 15.4;
					};
				};
			};
			buildConfigurationList = DD4E36EE2C1F415100DAB56B /* Build configuration list for PBXProject "LearningUI" */;
			compatibilityVersion = "Xcode 14.0";
			developmentRegion = en;
			hasScannedForEncodings = 0;
			knownRegions = (
				en,
				Base,
			);
			mainGroup = DD4E36EA2C1F415100DAB56B;
			productRefGroup = DD4E36F42C1F415100DAB56B /* Products */;
			projectDirPath = "";
			projectRoot = "";
			targets = (
				DD4E36F22C1F415100DAB56B /* LearningUI */,
			);
		};
/* End PBXProject section */

/* Begin PBXResourcesBuildPhase section */
		DD4E36F12C1F415100DAB56B /* Resources */ = {
			isa = PBXResourcesBuildPhase;
			buildActionMask = 2147483647;
			files = (
				DD4E37002C1F415200DAB56B /* Preview Assets.xcassets in Resources */,
				DD4E36FD2C1F415200DAB56B /* Assets.xcassets in Resources */,
			);
			runOnlyForDeploymentPostprocessing = 0;
		};
/* End PBXResourcesBuildPhase section */

/* Begin PBXSourcesBuildPhase section */
		DD4E36EF2C1F415100DAB56B /* Sources */ = {
			isa = PBXSourcesBuildPhase;
			buildActionMask = 2147483647;
			files = (
				DDBD6C952C20448300BEADE8 /* StackLean.swift in Sources */,
				DDB316C92C3C44AB00AC6E56 /* PickerLearning.swift in Sources */,
				DD5240DF2C268B0000C53749 /* GridLearning.swift in Sources */,
				DDCEDC742C27F7A300F6FC14 /* SafeAreaLearn.swift in Sources */,
				DD4E36F92C1F415100DAB56B /* ContentView.swift in Sources */,
				DD4E36FB2C1F415100DAB56B /* Item.swift in Sources */,
				DD4D91AA2C227FEE001CDC6A /* BaseMaking .swift in Sources */,
				DDB316C52C3C40B700AC6E56 /* TextEditorLearn.swift in Sources */,
				DDA1A7632C1FFEB700C83244 /* Shapes.swift in Sources */,
				DD6F462D2C24564F000734F2 /* DoubleScrollFile.swift in Sources */,
				DD6380172C3FCA06007ADCD2 /* SafeCodingLearning.swift in Sources */,
				DDCEDC782C28135300F6FC14 /* ExtractedFuncLearn.swift in Sources */,
				DDBD6C932C203D3300BEADE8 /* FrameLearn.swift in Sources */,
				DDA1A7672C200B8900C83244 /* GradientLearning.swift in Sources */,
				DD4D91A82C227417001CDC6A /* PaddingLearn.swift in Sources */,
				DDDD97DF2C3D080700E02226 /* TabViewLearn.swift in Sources */,
				DDCEDC7A2C284DF300F6FC14 /* SubViewLearn.swift in Sources */,
				DDB316C72C3C424000AC6E56 /* ToggleLearning.swift in Sources */,
				DD63801D2C401DE4007ADCD2 /* ViewModelLearning.swift in Sources */,
				DDDD97D92C3CF9C400E02226 /* DatePickerLearning .swift in Sources */,
				DDDAE8DA2C3955580073012C /* ListLearning.swift in Sources */,
				DD6380152C3FC6C4007ADCD2 /* OnAppearLearning.swift in Sources */,
				DDD46CDA2C2AF1730011B2C3 /* AnimationLearn.swift in Sources */,
				DD1B742F2C3A5C7E00898420 /* ActionSheetLearning.swift in Sources */,
				DDB36ACF2C23CE5200202031 /* ScrollViewLearn.swift in Sources */,
				DDA1A7692C200EA500C83244 /* RainbowTry.swift in Sources */,
				DD4D91A62C226DCE001CDC6A /* StackLearning .swift in Sources */,
				DD1B74312C3AF1AE00898420 /* ContextMenuLearn.swift in Sources */,
				DD774C1F2C2D0F4800E481B5 /* YtGhanti.swift in Sources */,
				DDCEDC762C27FDF500F6FC14 /* ButtonsLearn.swift in Sources */,
				DDC6D23C2C2FB840009AE008 /* NavigationViewLearn.swift in Sources */,
				DD4D91AC2C2296D3001CDC6A /* Initlearn.swift in Sources */,
				DDA25E602C29163300C33490 /* IfElseLearn.swift in Sources */,
				DDA1A76D2C20224600C83244 /* ImagesSwift.swift in Sources */,
				DDCEDC7C2C2868FD00F6FC14 /* BindingLearn .swift in Sources */,
				DDDAE8DC2C3963560073012C /* ManchesterCity.swift in Sources */,
				DD1B74332C3AF5F400898420 /* TextFieldLearning.swift in Sources */,
				DDDD97D72C3CF7A900E02226 /* ColorPickerLearning.swift in Sources */,
				DDDD97E12C3D57CA00E02226 /* PageTabViewLearning.swift in Sources */,
				DD4E37072C1F44F400DAB56B /* Text.swift in Sources */,
				DD4E36F72C1F415100DAB56B /* LearningUIApp.swift in Sources */,
				DD63801B2C4004EB007ADCD2 /* CustomModelLearning.swift in Sources */,
				DDA377432C212D350073FB57 /* NotificationUI.swift in Sources */,
				DDA3773F2C211DFD0073FB57 /* Classwork.swift in Sources */,
				DDDAE8DE2C396C860073012C /* AlertLearning.swift in Sources */,
				DD6380192C3FCF2C007ADCD2 /* TapGestureLearning.swift in Sources */,
				DDA1A76B2C20177F00C83244 /* SystemIconsUse.swift in Sources */,
				DDEF93962C2C6DE200A68683 /* PopOverLearn.swift in Sources */,
				DDB36ACD2C23C8D700202031 /* ForeachLearn.swift in Sources */,
				DDDD97DB2C3CFEE600E02226 /* StepperLearning.swift in Sources */,
				DDEF93942C2C691C00A68683 /* SheetsLearn.swift in Sources */,
				DDA1A7652C20028800C83244 /* Color.swift in Sources */,
				DDDD97DD2C3D02DA00E02226 /* SliderLearinig.swift in Sources */,
			);
			runOnlyForDeploymentPostprocessing = 0;
		};
/* End PBXSourcesBuildPhase section */

/* Begin XCBuildConfiguration section */
		DD4E37012C1F415200DAB56B /* Debug */ = {
			isa = XCBuildConfiguration;
			buildSettings = {
				ALWAYS_SEARCH_USER_PATHS = NO;
				ASSETCATALOG_COMPILER_GENERATE_SWIFT_ASSET_SYMBOL_EXTENSIONS = YES;
				CLANG_ANALYZER_NONNULL = YES;
				CLANG_ANALYZER_NUMBER_OBJECT_CONVERSION = YES_AGGRESSIVE;
				CLANG_CXX_LANGUAGE_STANDARD = "gnu++20";
				CLANG_ENABLE_MODULES = YES;
				CLANG_ENABLE_OBJC_ARC = YES;
				CLANG_ENABLE_OBJC_WEAK = YES;
				CLANG_WARN_BLOCK_CAPTURE_AUTORELEASING = YES;
				CLANG_WARN_BOOL_CONVERSION = YES;
				CLANG_WARN_COMMA = YES;
				CLANG_WARN_CONSTANT_CONVERSION = YES;
				CLANG_WARN_DEPRECATED_OBJC_IMPLEMENTATIONS = YES;
				CLANG_WARN_DIRECT_OBJC_ISA_USAGE = YES_ERROR;
				CLANG_WARN_DOCUMENTATION_COMMENTS = YES;
				CLANG_WARN_EMPTY_BODY = YES;
				CLANG_WARN_ENUM_CONVERSION = YES;
				CLANG_WARN_INFINITE_RECURSION = YES;
				CLANG_WARN_INT_CONVERSION = YES;
				CLANG_WARN_NON_LITERAL_NULL_CONVERSION = YES;
				CLANG_WARN_OBJC_IMPLICIT_RETAIN_SELF = YES;
				CLANG_WARN_OBJC_LITERAL_CONVERSION = YES;
				CLANG_WARN_OBJC_ROOT_CLASS = YES_ERROR;
				CLANG_WARN_QUOTED_INCLUDE_IN_FRAMEWORK_HEADER = YES;
				CLANG_WARN_RANGE_LOOP_ANALYSIS = YES;
				CLANG_WARN_STRICT_PROTOTYPES = YES;
				CLANG_WARN_SUSPICIOUS_MOVE = YES;
				CLANG_WARN_UNGUARDED_AVAILABILITY = YES_AGGRESSIVE;
				CLANG_WARN_UNREACHABLE_CODE = YES;
				CLANG_WARN__DUPLICATE_METHOD_MATCH = YES;
				COPY_PHASE_STRIP = NO;
				DEBUG_INFORMATION_FORMAT = dwarf;
				ENABLE_STRICT_OBJC_MSGSEND = YES;
				ENABLE_TESTABILITY = YES;
				ENABLE_USER_SCRIPT_SANDBOXING = YES;
				GCC_C_LANGUAGE_STANDARD = gnu17;
				GCC_DYNAMIC_NO_PIC = NO;
				GCC_NO_COMMON_BLOCKS = YES;
				GCC_OPTIMIZATION_LEVEL = 0;
				GCC_PREPROCESSOR_DEFINITIONS = (
					"DEBUG=1",
					"$(inherited)",
				);
				GCC_WARN_64_TO_32_BIT_CONVERSION = YES;
				GCC_WARN_ABOUT_RETURN_TYPE = YES_ERROR;
				GCC_WARN_UNDECLARED_SELECTOR = YES;
				GCC_WARN_UNINITIALIZED_AUTOS = YES_AGGRESSIVE;
				GCC_WARN_UNUSED_FUNCTION = YES;
				GCC_WARN_UNUSED_VARIABLE = YES;
				IPHONEOS_DEPLOYMENT_TARGET = 17.5;
				LOCALIZATION_PREFERS_STRING_CATALOGS = YES;
				MTL_ENABLE_DEBUG_INFO = INCLUDE_SOURCE;
				MTL_FAST_MATH = YES;
				ONLY_ACTIVE_ARCH = YES;
				SDKROOT = iphoneos;
				SWIFT_ACTIVE_COMPILATION_CONDITIONS = "DEBUG $(inherited)";
				SWIFT_OPTIMIZATION_LEVEL = "-Onone";
			};
			name = Debug;
		};
		DD4E37022C1F415200DAB56B /* Release */ = {
			isa = XCBuildConfiguration;
			buildSettings = {
				ALWAYS_SEARCH_USER_PATHS = NO;
				ASSETCATALOG_COMPILER_GENERATE_SWIFT_ASSET_SYMBOL_EXTENSIONS = YES;
				CLANG_ANALYZER_NONNULL = YES;
				CLANG_ANALYZER_NUMBER_OBJECT_CONVERSION = YES_AGGRESSIVE;
				CLANG_CXX_LANGUAGE_STANDARD = "gnu++20";
				CLANG_ENABLE_MODULES = YES;
				CLANG_ENABLE_OBJC_ARC = YES;
				CLANG_ENABLE_OBJC_WEAK = YES;
				CLANG_WARN_BLOCK_CAPTURE_AUTORELEASING = YES;
				CLANG_WARN_BOOL_CONVERSION = YES;
				CLANG_WARN_COMMA = YES;
				CLANG_WARN_CONSTANT_CONVERSION = YES;
				CLANG_WARN_DEPRECATED_OBJC_IMPLEMENTATIONS = YES;
				CLANG_WARN_DIRECT_OBJC_ISA_USAGE = YES_ERROR;
				CLANG_WARN_DOCUMENTATION_COMMENTS = YES;
				CLANG_WARN_EMPTY_BODY = YES;
				CLANG_WARN_ENUM_CONVERSION = YES;
				CLANG_WARN_INFINITE_RECURSION = YES;
				CLANG_WARN_INT_CONVERSION = YES;
				CLANG_WARN_NON_LITERAL_NULL_CONVERSION = YES;
				CLANG_WARN_OBJC_IMPLICIT_RETAIN_SELF = YES;
				CLANG_WARN_OBJC_LITERAL_CONVERSION = YES;
				CLANG_WARN_OBJC_ROOT_CLASS = YES_ERROR;
				CLANG_WARN_QUOTED_INCLUDE_IN_FRAMEWORK_HEADER = YES;
				CLANG_WARN_RANGE_LOOP_ANALYSIS = YES;
				CLANG_WARN_STRICT_PROTOTYPES = YES;
				CLANG_WARN_SUSPICIOUS_MOVE = YES;
				CLANG_WARN_UNGUARDED_AVAILABILITY = YES_AGGRESSIVE;
				CLANG_WARN_UNREACHABLE_CODE = YES;
				CLANG_WARN__DUPLICATE_METHOD_MATCH = YES;
				COPY_PHASE_STRIP = NO;
				DEBUG_INFORMATION_FORMAT = "dwarf-with-dsym";
				ENABLE_NS_ASSERTIONS = NO;
				ENABLE_STRICT_OBJC_MSGSEND = YES;
				ENABLE_USER_SCRIPT_SANDBOXING = YES;
				GCC_C_LANGUAGE_STANDARD = gnu17;
				GCC_NO_COMMON_BLOCKS = YES;
				GCC_WARN_64_TO_32_BIT_CONVERSION = YES;
				GCC_WARN_ABOUT_RETURN_TYPE = YES_ERROR;
				GCC_WARN_UNDECLARED_SELECTOR = YES;
				GCC_WARN_UNINITIALIZED_AUTOS = YES_AGGRESSIVE;
				GCC_WARN_UNUSED_FUNCTION = YES;
				GCC_WARN_UNUSED_VARIABLE = YES;
				IPHONEOS_DEPLOYMENT_TARGET = 17.5;
				LOCALIZATION_PREFERS_STRING_CATALOGS = YES;
				MTL_ENABLE_DEBUG_INFO = NO;
				MTL_FAST_MATH = YES;
				SDKROOT = iphoneos;
				SWIFT_COMPILATION_MODE = wholemodule;
				VALIDATE_PRODUCT = YES;
			};
			name = Release;
		};
		DD4E37042C1F415200DAB56B /* Debug */ = {
			isa = XCBuildConfiguration;
			buildSettings = {
				ASSETCATALOG_COMPILER_APPICON_NAME = AppIcon;
				ASSETCATALOG_COMPILER_GLOBAL_ACCENT_COLOR_NAME = AccentColor;
				CODE_SIGN_STYLE = Automatic;
				CURRENT_PROJECT_VERSION = 1;
				DEVELOPMENT_ASSET_PATHS = "\"LearningUI/Preview Content\"";
				DEVELOPMENT_TEAM = VN37N5583Q;
				ENABLE_PREVIEWS = YES;
				GENERATE_INFOPLIST_FILE = YES;
				INFOPLIST_KEY_UIApplicationSceneManifest_Generation = YES;
				INFOPLIST_KEY_UIApplicationSupportsIndirectInputEvents = YES;
				INFOPLIST_KEY_UILaunchScreen_Generation = YES;
				INFOPLIST_KEY_UISupportedInterfaceOrientations_iPad = "UIInterfaceOrientationPortrait UIInterfaceOrientationPortraitUpsideDown UIInterfaceOrientationLandscapeLeft UIInterfaceOrientationLandscapeRight";
				INFOPLIST_KEY_UISupportedInterfaceOrientations_iPhone = "UIInterfaceOrientationPortrait UIInterfaceOrientationLandscapeLeft UIInterfaceOrientationLandscapeRight";
				LD_RUNPATH_SEARCH_PATHS = (
					"$(inherited)",
					"@executable_path/Frameworks",
				);
				MARKETING_VERSION = 1.0;
				PRODUCT_BUNDLE_IDENTIFIER = com.Learning.LearningUI;
				PRODUCT_NAME = "$(TARGET_NAME)";
				SWIFT_EMIT_LOC_STRINGS = YES;
				SWIFT_VERSION = 5.0;
				TARGETED_DEVICE_FAMILY = "1,2";
			};
			name = Debug;
		};
		DD4E37052C1F415200DAB56B /* Release */ = {
			isa = XCBuildConfiguration;
			buildSettings = {
				ASSETCATALOG_COMPILER_APPICON_NAME = AppIcon;
				ASSETCATALOG_COMPILER_GLOBAL_ACCENT_COLOR_NAME = AccentColor;
				CODE_SIGN_IDENTITY = "Apple Development";
				CODE_SIGN_STYLE = Automatic;
				CURRENT_PROJECT_VERSION = 1;
				DEVELOPMENT_ASSET_PATHS = "\"LearningUI/Preview Content\"";
				DEVELOPMENT_TEAM = VN37N5583Q;
				ENABLE_PREVIEWS = YES;
				GENERATE_INFOPLIST_FILE = YES;
				INFOPLIST_KEY_UIApplicationSceneManifest_Generation = YES;
				INFOPLIST_KEY_UIApplicationSupportsIndirectInputEvents = YES;
				INFOPLIST_KEY_UILaunchScreen_Generation = YES;
				INFOPLIST_KEY_UISupportedInterfaceOrientations_iPad = "UIInterfaceOrientationPortrait UIInterfaceOrientationPortraitUpsideDown UIInterfaceOrientationLandscapeLeft UIInterfaceOrientationLandscapeRight";
				INFOPLIST_KEY_UISupportedInterfaceOrientations_iPhone = "UIInterfaceOrientationPortrait UIInterfaceOrientationLandscapeLeft UIInterfaceOrientationLandscapeRight";
				LD_RUNPATH_SEARCH_PATHS = (
					"$(inherited)",
					"@executable_path/Frameworks",
				);
				MARKETING_VERSION = 1.0;
				PRODUCT_BUNDLE_IDENTIFIER = com.Learning.LearningUI;
				PRODUCT_NAME = "$(TARGET_NAME)";
				PROVISIONING_PROFILE_SPECIFIER = "";
				SWIFT_EMIT_LOC_STRINGS = YES;
				SWIFT_VERSION = 5.0;
				TARGETED_DEVICE_FAMILY = "1,2";
			};
			name = Release;
		};
/* End XCBuildConfiguration section */

/* Begin XCConfigurationList section */
		DD4E36EE2C1F415100DAB56B /* Build configuration list for PBXProject "LearningUI" */ = {
			isa = XCConfigurationList;
			buildConfigurations = (
				DD4E37012C1F415200DAB56B /* Debug */,
				DD4E37022C1F415200DAB56B /* Release */,
			);
			defaultConfigurationIsVisible = 0;
			defaultConfigurationName = Release;
		};
		DD4E37032C1F415200DAB56B /* Build configuration list for PBXNativeTarget "LearningUI" */ = {
			isa = XCConfigurationList;
			buildConfigurations = (
				DD4E37042C1F415200DAB56B /* Debug */,
				DD4E37052C1F415200DAB56B /* Release */,
			);
			defaultConfigurationIsVisible = 0;
			defaultConfigurationName = Release;
		};
/* End XCConfigurationList section */
	};
	rootObject = DD4E36EB2C1F415100DAB56B /* Project object */;
}
